<?xml version="1.0" encoding="utf-8"?>
<Project ToolsVersion="16.0" xmlns="http://schemas.microsoft.com/developer/msbuild/2003">
  <ItemGroup>
    <CustomBuild Include="D:\codes\workspace-c++\unimrcp\unimrcp-1.8.0\libs\webrtcvad\CMakeFiles\a04499b71f70be1ed65fbdc13b4038de\generate.stamp.rule">
      <Filter>CMake Rules</Filter>
    </CustomBuild>
  </ItemGroup>
  <ItemGroup>
    <Filter Include="CMake Rules">
      <UniqueIdentifier>{BB442817-2242-34F6-A121-CDBFF57D21B2}</UniqueIdentifier>
    </Filter>
  </ItemGroup>
</Project>
